{
  "nodes": {
    "aiken": {
      "inputs": {
        "nci": "nci",
        "nixpkgs": "nixpkgs",
        "rust-overlay": "rust-overlay"
      },
      "locked": {
        "lastModified": 1675672013,
        "narHash": "sha256-T48cDUhjwF5pH1i4oBRQsB1zaEBC7ThynVArdrvecmc=",
        "owner": "waalge",
        "repo": "aiken",
        "rev": "f5a506ac17095f860cf8bc4114c0eeddfe28c2fd",
        "type": "github"
      },
      "original": {
        "owner": "waalge",
        "repo": "aiken",
        "rev": "f5a506ac17095f860cf8bc4114c0eeddfe28c2fd",
        "type": "github"
      }
    },
    "crane": {
      "flake": false,
      "locked": {
        "lastModified": 1670900067,
        "narHash": "sha256-VXVa+KBfukhmWizaiGiHRVX/fuk66P8dgSFfkVN4/MY=",
        "owner": "ipetkov",
        "repo": "crane",
        "rev": "59b31b41a589c0a65e4a1f86b0e5eac68081468b",
        "type": "github"
      },
      "original": {
        "owner": "ipetkov",
        "repo": "crane",
        "type": "github"
      }
    },
    "devshell": {
      "flake": false,
      "locked": {
        "lastModified": 1671489820,
        "narHash": "sha256-qoei5HDJ8psd1YUPD7DhbHdhLIT9L2nadscp4Qk37uk=",
        "owner": "numtide",
        "repo": "devshell",
        "rev": "5aa3a8039c68b4bf869327446590f4cdf90bb634",
        "type": "github"
      },
      "original": {
        "owner": "numtide",
        "repo": "devshell",
        "type": "github"
      }
    },
    "devshell_2": {
      "inputs": {
        "flake-utils": "flake-utils_2",
        "nixpkgs": "nixpkgs_2"
      },
      "locked": {
        "lastModified": 1675340818,
        "narHash": "sha256-GAzTgOvonq4K3CVyyKZGbCnqdLi6nRe78t8ko/mLxL0=",
        "owner": "numtide",
        "repo": "devshell",
        "rev": "2e19b92980a79118351ec12496a81c49bd674d8a",
        "type": "github"
      },
      "original": {
        "owner": "numtide",
        "repo": "devshell",
        "type": "github"
      }
    },
    "dream2nix": {
      "inputs": {
        "alejandra": [
          "aiken",
          "nci"
        ],
        "all-cabal-json": [
          "aiken",
          "nci"
        ],
        "crane": "crane",
        "devshell": [
          "aiken",
          "nci",
          "devshell"
        ],
        "flake-parts": "flake-parts",
        "flake-utils-pre-commit": [
          "aiken",
          "nci"
        ],
        "ghc-utils": [
          "aiken",
          "nci"
        ],
        "gomod2nix": [
          "aiken",
          "nci"
        ],
        "mach-nix": [
          "aiken",
          "nci"
        ],
        "nix-pypi-fetcher": [
          "aiken",
          "nci"
        ],
        "nixpkgs": [
          "aiken",
          "nci",
          "nixpkgs"
        ],
        "poetry2nix": [
          "aiken",
          "nci"
        ],
        "pre-commit-hooks": [
          "aiken",
          "nci"
        ],
        "pruned-racket-catalog": "pruned-racket-catalog"
      },
      "locked": {
        "lastModified": 1675238477,
        "narHash": "sha256-LM5GDNjLcmgZVQEeANWAOO09KppwGaYEzJBjYmuSwys=",
        "owner": "nix-community",
        "repo": "dream2nix",
        "rev": "f61d9311e224a2c5f6691f8f8d7411e7284650fb",
        "type": "github"
      },
      "original": {
        "owner": "nix-community",
        "repo": "dream2nix",
        "type": "github"
      }
    },
    "flake-parts": {
      "inputs": {
        "nixpkgs-lib": "nixpkgs-lib"
      },
      "locked": {
        "lastModified": 1668450977,
        "narHash": "sha256-cfLhMhnvXn6x1vPm+Jow3RiFAUSCw/l1utktCw5rVA4=",
        "owner": "hercules-ci",
        "repo": "flake-parts",
        "rev": "d591857e9d7dd9ddbfba0ea02b43b927c3c0f1fa",
        "type": "github"
      },
      "original": {
        "owner": "hercules-ci",
        "repo": "flake-parts",
        "type": "github"
      }
    },
    "flake-utils": {
      "locked": {
        "lastModified": 1659877975,
        "narHash": "sha256-zllb8aq3YO3h8B/U0/J1WBgAL8EX5yWf5pMj3G0NAmc=",
        "owner": "numtide",
        "repo": "flake-utils",
        "rev": "c0e246b9b83f637f4681389ecabcb2681b4f3af0",
        "type": "github"
      },
      "original": {
        "owner": "numtide",
        "repo": "flake-utils",
        "type": "github"
      }
    },
    "flake-utils_2": {
      "locked": {
        "lastModified": 1642700792,
        "narHash": "sha256-XqHrk7hFb+zBvRg6Ghl+AZDq03ov6OshJLiSWOoX5es=",
        "owner": "numtide",
        "repo": "flake-utils",
        "rev": "846b2ae0fc4cc943637d3d1def4454213e203cba",
        "type": "github"
      },
      "original": {
        "owner": "numtide",
        "repo": "flake-utils",
        "type": "github"
      }
    },
    "flake-utils_3": {
      "locked": {
        "lastModified": 1667395993,
        "narHash": "sha256-nuEHfE/LcWyuSWnS8t12N1wc105Qtau+/OdUAjtQ0rA=",
        "owner": "numtide",
        "repo": "flake-utils",
        "rev": "5aed5285a952e0b949eb3ba02c12fa4fcfef535f",
        "type": "github"
      },
      "original": {
        "owner": "numtide",
        "repo": "flake-utils",
        "type": "github"
      }
    },
    "nci": {
      "inputs": {
        "devshell": "devshell",
        "dream2nix": "dream2nix",
        "nixpkgs": [
          "aiken",
          "nixpkgs"
        ],
        "rust-overlay": [
          "aiken",
          "rust-overlay"
        ]
      },
      "locked": {
        "lastModified": 1675318304,
        "narHash": "sha256-IGv7kgW4vw3Au2u8Jqu7aJJ8VBROwBDzm44xGwFVJOU=",
        "owner": "yusdacra",
        "repo": "nix-cargo-integration",
        "rev": "c2bf839bc3c22de9d7dacf1b2c4ed91154402b62",
        "type": "github"
      },
      "original": {
        "owner": "yusdacra",
        "repo": "nix-cargo-integration",
        "type": "github"
      }
    },
    "nixpkgs": {
      "locked": {
        "lastModified": 1675183161,
        "narHash": "sha256-Zq8sNgAxDckpn7tJo7V1afRSk2eoVbu3OjI1QklGLNg=",
        "owner": "nixos",
        "repo": "nixpkgs",
        "rev": "e1e1b192c1a5aab2960bf0a0bd53a2e8124fa18e",
        "type": "github"
      },
      "original": {
        "owner": "nixos",
        "ref": "nixos-unstable",
        "repo": "nixpkgs",
        "type": "github"
      }
    },
    "nixpkgs-lib": {
      "locked": {
        "dir": "lib",
        "lastModified": 1665349835,
        "narHash": "sha256-UK4urM3iN80UXQ7EaOappDzcisYIuEURFRoGQ/yPkug=",
        "owner": "NixOS",
        "repo": "nixpkgs",
        "rev": "34c5293a71ffdb2fe054eb5288adc1882c1eb0b1",
        "type": "github"
      },
      "original": {
        "dir": "lib",
        "owner": "NixOS",
        "ref": "nixos-unstable",
        "repo": "nixpkgs",
        "type": "github"
      }
    },
    "nixpkgs_2": {
      "locked": {
        "lastModified": 1643381941,
        "narHash": "sha256-pHTwvnN4tTsEKkWlXQ8JMY423epos8wUOhthpwJjtpc=",
        "owner": "NixOS",
        "repo": "nixpkgs",
        "rev": "5efc8ca954272c4376ac929f4c5ffefcc20551d5",
        "type": "github"
      },
      "original": {
        "owner": "NixOS",
        "ref": "nixpkgs-unstable",
        "repo": "nixpkgs",
        "type": "github"
      }
    },
    "nixpkgs_3": {
      "locked": {
        "lastModified": 1675423637,
        "narHash": "sha256-AcRbEJRgkGryXyR6/Yuji0vG/AcF0xk/1SDYroCtyG4=",
        "owner": "nixos",
        "repo": "nixpkgs",
        "rev": "2970fdaefa3e3b76956167fc8ee11730ba95bdf3",
        "type": "github"
      },
      "original": {
        "owner": "nixos",
        "repo": "nixpkgs",
        "type": "github"
      }
    },
    "pruned-racket-catalog": {
      "flake": false,
      "locked": {
        "lastModified": 1672537287,
        "narHash": "sha256-SuOvXVcLfakw18oJB/PuRMyvGyGG1+CQD3R+TGHIv44=",
        "owner": "nix-community",
        "repo": "pruned-racket-catalog",
        "rev": "c8b89557fb53b36efa2ee48a769c7364df0f6262",
        "type": "github"
      },
      "original": {
        "owner": "nix-community",
        "ref": "catalog",
        "repo": "pruned-racket-catalog",
        "type": "github"
      }
    },
    "root": {
      "inputs": {
        "aiken": "aiken",
        "devshell": "devshell_2",
        "flake-utils": "flake-utils_3",
        "nixpkgs": "nixpkgs_3"
      }
    },
    "rust-overlay": {
      "inputs": {
        "flake-utils": "flake-utils",
        "nixpkgs": [
          "aiken",
          "nixpkgs"
        ]
      },
      "locked": {
        "lastModified": 1675304959,
        "narHash": "sha256-SQNtt71uT++7F3+kHOZ9PEThswk0MnEt6zO2xJdUo/o=",
        "owner": "oxalica",
        "repo": "rust-overlay",
        "rev": "61ec735acfb1f549237bc525da355bd0b9cc70a3",
        "type": "github"
      },
      "original": {
        "owner": "oxalica",
        "repo": "rust-overlay",
        "type": "github"
      }
    }
  },
  "root": "root",
  "version": 7
}
